
Microsoft Visual Studio Solution File, Format Version 12.00
# Visual Studio Version 17
VisualStudioVersion = 17.13.35825.156
MinimumVisualStudioVersion = 10.0.40219.1
Project("{FAE04EC0-301F-11D3-BF4B-00C04F79EFBC}") = "Papelaria.Web", "Papelaria.Web\Papelaria.Web.csproj", "{67836D62-E540-4DEC-8993-6AE71EDA0D8D}"
EndProject
Project("{FAE04EC0-301F-11D3-BF4B-00C04F79EFBC}") = "Papelaria.Shared", "Papelaria.Shared\Papelaria.Shared.csproj", "{66013EB3-E551-4F00-A660-9D8F2BE6794C}"
EndProject
Project("{FAE04EC0-301F-11D3-BF4B-00C04F79EFBC}") = "Papelaria.Api", "Papelaria.Api\Papelaria.Api.csproj", "{38AF4DB5-F612-4488-AF18-A6654AC5AE4E}"
EndProject
Project("{FAE04EC0-301F-11D3-BF4B-00C04F79EFBC}") = "Papelaria.Business", "Papelaria.Business\Papelaria.Business.csproj", "{6EED94FB-9FB3-4208-9D22-1845AFFE2CF7}"
EndProject
Global
	GlobalSection(SolutionConfigurationPlatforms) = preSolution
		Debug|Any CPU = Debug|Any CPU
		Release|Any CPU = Release|Any CPU
	EndGlobalSection
	GlobalSection(ProjectConfigurationPlatforms) = postSolution
		{67836D62-E540-4DEC-8993-6AE71EDA0D8D}.Debug|Any CPU.ActiveCfg = Debug|Any CPU
		{67836D62-E540-4DEC-8993-6AE71EDA0D8D}.Debug|Any CPU.Build.0 = Debug|Any CPU
		{67836D62-E540-4DEC-8993-6AE71EDA0D8D}.Release|Any CPU.ActiveCfg = Release|Any CPU
		{67836D62-E540-4DEC-8993-6AE71EDA0D8D}.Release|Any CPU.Build.0 = Release|Any CPU
		{66013EB3-E551-4F00-A660-9D8F2BE6794C}.Debug|Any CPU.ActiveCfg = Debug|Any CPU
		{66013EB3-E551-4F00-A660-9D8F2BE6794C}.Debug|Any CPU.Build.0 = Debug|Any CPU
		{66013EB3-E551-4F00-A660-9D8F2BE6794C}.Release|Any CPU.ActiveCfg = Release|Any CPU
		{66013EB3-E551-4F00-A660-9D8F2BE6794C}.Release|Any CPU.Build.0 = Release|Any CPU
		{38AF4DB5-F612-4488-AF18-A6654AC5AE4E}.Debug|Any CPU.ActiveCfg = Debug|Any CPU
		{38AF4DB5-F612-4488-AF18-A6654AC5AE4E}.Debug|Any CPU.Build.0 = Debug|Any CPU
		{38AF4DB5-F612-4488-AF18-A6654AC5AE4E}.Release|Any CPU.ActiveCfg = Release|Any CPU
		{38AF4DB5-F612-4488-AF18-A6654AC5AE4E}.Release|Any CPU.Build.0 = Release|Any CPU
		{6EED94FB-9FB3-4208-9D22-1845AFFE2CF7}.Debug|Any CPU.ActiveCfg = Debug|Any CPU
		{6EED94FB-9FB3-4208-9D22-1845AFFE2CF7}.Debug|Any CPU.Build.0 = Debug|Any CPU
		{6EED94FB-9FB3-4208-9D22-1845AFFE2CF7}.Release|Any CPU.ActiveCfg = Release|Any CPU
		{6EED94FB-9FB3-4208-9D22-1845AFFE2CF7}.Release|Any CPU.Build.0 = Release|Any CPU
	EndGlobalSection
	GlobalSection(SolutionProperties) = preSolution
		HideSolutionNode = FALSE
	EndGlobalSection
	GlobalSection(ExtensibilityGlobals) = postSolution
		SolutionGuid = {8CD1EC7D-D57F-4B14-8457-B1A836D7E258}
	EndGlobalSection
EndGlobal
